
Microsoft Visual Studio Solution File, Format Version 12.00
# Visual Studio Version 16
VisualStudioVersion = 16.0.30011.22
MinimumVisualStudioVersion = 10.0.40219.1
Project("{FAE04EC0-301F-11D3-BF4B-00C04F79EFBC}") = "XFChips.Android", "XFChips\XFChips.Android\XFChips.Android.csproj", "{CFE1D9C2-5E8C-4314-93A7-ECB1913FF805}"
EndProject
Project("{FAE04EC0-301F-11D3-BF4B-00C04F79EFBC}") = "XFChips.iOS", "XFChips\XFChips.iOS\XFChips.iOS.csproj", "{5C15A712-4962-418C-8059-29D9662D9D7E}"
EndProject
Project("{FAE04EC0-301F-11D3-BF4B-00C04F79EFBC}") = "XFChips", "XFChips\XFChips\XFChips.csproj", "{7A8E3CF1-1BFF-4E90-8FD7-416F43545FE9}"
EndProject
Global
	GlobalSection(SolutionConfigurationPlatforms) = preSolution
		Debug|Any CPU = Debug|Any CPU
		Debug|iPhone = Debug|iPhone
		Debug|iPhoneSimulator = Debug|iPhoneSimulator
		Release|Any CPU = Release|Any CPU
		Release|iPhone = Release|iPhone
		Release|iPhoneSimulator = Release|iPhoneSimulator
	EndGlobalSection
	GlobalSection(ProjectConfigurationPlatforms) = postSolution
		{CFE1D9C2-5E8C-4314-93A7-ECB1913FF805}.Debug|Any CPU.ActiveCfg = Debug|Any CPU
		{CFE1D9C2-5E8C-4314-93A7-ECB1913FF805}.Debug|Any CPU.Build.0 = Debug|Any CPU
		{CFE1D9C2-5E8C-4314-93A7-ECB1913FF805}.Debug|Any CPU.Deploy.0 = Debug|Any CPU
		{CFE1D9C2-5E8C-4314-93A7-ECB1913FF805}.Debug|iPhone.ActiveCfg = Debug|Any CPU
		{CFE1D9C2-5E8C-4314-93A7-ECB1913FF805}.Debug|iPhone.Build.0 = Debug|Any CPU
		{CFE1D9C2-5E8C-4314-93A7-ECB1913FF805}.Debug|iPhone.Deploy.0 = Debug|Any CPU
		{CFE1D9C2-5E8C-4314-93A7-ECB1913FF805}.Debug|iPhoneSimulator.ActiveCfg = Debug|Any CPU
		{CFE1D9C2-5E8C-4314-93A7-ECB1913FF805}.Debug|iPhoneSimulator.Build.0 = Debug|Any CPU
		{CFE1D9C2-5E8C-4314-93A7-ECB1913FF805}.Debug|iPhoneSimulator.Deploy.0 = Debug|Any CPU
		{CFE1D9C2-5E8C-4314-93A7-ECB1913FF805}.Release|Any CPU.ActiveCfg = Release|Any CPU
		{CFE1D9C2-5E8C-4314-93A7-ECB1913FF805}.Release|Any CPU.Build.0 = Release|Any CPU
		{CFE1D9C2-5E8C-4314-93A7-ECB1913FF805}.Release|Any CPU.Deploy.0 = Release|Any CPU
		{CFE1D9C2-5E8C-4314-93A7-ECB1913FF805}.Release|iPhone.ActiveCfg = Release|Any CPU
		{CFE1D9C2-5E8C-4314-93A7-ECB1913FF805}.Release|iPhone.Build.0 = Release|Any CPU
		{CFE1D9C2-5E8C-4314-93A7-ECB1913FF805}.Release|iPhone.Deploy.0 = Release|Any CPU
		{CFE1D9C2-5E8C-4314-93A7-ECB1913FF805}.Release|iPhoneSimulator.ActiveCfg = Release|Any CPU
		{CFE1D9C2-5E8C-4314-93A7-ECB1913FF805}.Release|iPhoneSimulator.Build.0 = Release|Any CPU
		{CFE1D9C2-5E8C-4314-93A7-ECB1913FF805}.Release|iPhoneSimulator.Deploy.0 = Release|Any CPU
		{5C15A712-4962-418C-8059-29D9662D9D7E}.Debug|Any CPU.ActiveCfg = Debug|iPhone
		{5C15A712-4962-418C-8059-29D9662D9D7E}.Debug|Any CPU.Build.0 = Debug|iPhone
		{5C15A712-4962-418C-8059-29D9662D9D7E}.Debug|Any CPU.Deploy.0 = Debug|iPhone
		{5C15A712-4962-418C-8059-29D9662D9D7E}.Debug|iPhone.ActiveCfg = Debug|iPhone
		{5C15A712-4962-418C-8059-29D9662D9D7E}.Debug|iPhone.Build.0 = Debug|iPhone
		{5C15A712-4962-418C-8059-29D9662D9D7E}.Debug|iPhone.Deploy.0 = Debug|iPhone
		{5C15A712-4962-418C-8059-29D9662D9D7E}.Debug|iPhoneSimulator.ActiveCfg = Debug|iPhoneSimulator
		{5C15A712-4962-418C-8059-29D9662D9D7E}.Debug|iPhoneSimulator.Build.0 = Debug|iPhoneSimulator
		{5C15A712-4962-418C-8059-29D9662D9D7E}.Debug|iPhoneSimulator.Deploy.0 = Debug|iPhoneSimulator
		{5C15A712-4962-418C-8059-29D9662D9D7E}.Release|Any CPU.ActiveCfg = Release|iPhone
		{5C15A712-4962-418C-8059-29D9662D9D7E}.Release|Any CPU.Build.0 = Release|iPhone
		{5C15A712-4962-418C-8059-29D9662D9D7E}.Release|Any CPU.Deploy.0 = Release|iPhone
		{5C15A712-4962-418C-8059-29D9662D9D7E}.Release|iPhone.ActiveCfg = Release|iPhone
		{5C15A712-4962-418C-8059-29D9662D9D7E}.Release|iPhone.Build.0 = Release|iPhone
		{5C15A712-4962-418C-8059-29D9662D9D7E}.Release|iPhone.Deploy.0 = Release|iPhone
		{5C15A712-4962-418C-8059-29D9662D9D7E}.Release|iPhoneSimulator.ActiveCfg = Release|iPhoneSimulator
		{5C15A712-4962-418C-8059-29D9662D9D7E}.Release|iPhoneSimulator.Build.0 = Release|iPhoneSimulator
		{5C15A712-4962-418C-8059-29D9662D9D7E}.Release|iPhoneSimulator.Deploy.0 = Release|iPhoneSimulator
		{7A8E3CF1-1BFF-4E90-8FD7-416F43545FE9}.Debug|Any CPU.ActiveCfg = Debug|Any CPU
		{7A8E3CF1-1BFF-4E90-8FD7-416F43545FE9}.Debug|Any CPU.Build.0 = Debug|Any CPU
		{7A8E3CF1-1BFF-4E90-8FD7-416F43545FE9}.Debug|Any CPU.Deploy.0 = Debug|Any CPU
		{7A8E3CF1-1BFF-4E90-8FD7-416F43545FE9}.Debug|iPhone.ActiveCfg = Debug|Any CPU
		{7A8E3CF1-1BFF-4E90-8FD7-416F43545FE9}.Debug|iPhone.Build.0 = Debug|Any CPU
		{7A8E3CF1-1BFF-4E90-8FD7-416F43545FE9}.Debug|iPhone.Deploy.0 = Debug|Any CPU
		{7A8E3CF1-1BFF-4E90-8FD7-416F43545FE9}.Debug|iPhoneSimulator.ActiveCfg = Debug|Any CPU
		{7A8E3CF1-1BFF-4E90-8FD7-416F43545FE9}.Debug|iPhoneSimulator.Build.0 = Debug|Any CPU
		{7A8E3CF1-1BFF-4E90-8FD7-416F43545FE9}.Debug|iPhoneSimulator.Deploy.0 = Debug|Any CPU
		{7A8E3CF1-1BFF-4E90-8FD7-416F43545FE9}.Release|Any CPU.ActiveCfg = Release|Any CPU
		{7A8E3CF1-1BFF-4E90-8FD7-416F43545FE9}.Release|Any CPU.Build.0 = Release|Any CPU
		{7A8E3CF1-1BFF-4E90-8FD7-416F43545FE9}.Release|Any CPU.Deploy.0 = Release|Any CPU
		{7A8E3CF1-1BFF-4E90-8FD7-416F43545FE9}.Release|iPhone.ActiveCfg = Release|Any CPU
		{7A8E3CF1-1BFF-4E90-8FD7-416F43545FE9}.Release|iPhone.Build.0 = Release|Any CPU
		{7A8E3CF1-1BFF-4E90-8FD7-416F43545FE9}.Release|iPhone.Deploy.0 = Release|Any CPU
		{7A8E3CF1-1BFF-4E90-8FD7-416F43545FE9}.Release|iPhoneSimulator.ActiveCfg = Release|Any CPU
		{7A8E3CF1-1BFF-4E90-8FD7-416F43545FE9}.Release|iPhoneSimulator.Build.0 = Release|Any CPU
		{7A8E3CF1-1BFF-4E90-8FD7-416F43545FE9}.Release|iPhoneSimulator.Deploy.0 = Release|Any CPU
	EndGlobalSection
	GlobalSection(SolutionProperties) = preSolution
		HideSolutionNode = FALSE
	EndGlobalSection
	GlobalSection(ExtensibilityGlobals) = postSolution
		SolutionGuid = {2EBCB596-6704-4A82-9C9D-BF2CF3809071}
	EndGlobalSection
EndGlobal
